
Microsoft Visual Studio Solution File, Format Version 12.00
# Visual Studio Version 17
VisualStudioVersion = 17.7.34202.233
MinimumVisualStudioVersion = 10.0.40219.1
Project("{FAE04EC0-301F-11D3-BF4B-00C04F79EFBC}") = "Interface_Dependency_Injection", "Interface_Dependency_Injection\Interface_Dependency_Injection.csproj", "{8B6E8D1B-4826-4C00-A404-9E9B7ECDC06A}"
EndProject
Global
	GlobalSection(SolutionConfigurationPlatforms) = preSolution
		Debug|Any CPU = Debug|Any CPU
		Release|Any CPU = Release|Any CPU
	EndGlobalSection
	GlobalSection(ProjectConfigurationPlatforms) = postSolution
		{8B6E8D1B-4826-4C00-A404-9E9B7ECDC06A}.Debug|Any CPU.ActiveCfg = Debug|Any CPU
		{8B6E8D1B-4826-4C00-A404-9E9B7ECDC06A}.Debug|Any CPU.Build.0 = Debug|Any CPU
		{8B6E8D1B-4826-4C00-A404-9E9B7ECDC06A}.Release|Any CPU.ActiveCfg = Release|Any CPU
		{8B6E8D1B-4826-4C00-A404-9E9B7ECDC06A}.Release|Any CPU.Build.0 = Release|Any CPU
	EndGlobalSection
	GlobalSection(SolutionProperties) = preSolution
		HideSolutionNode = FALSE
	EndGlobalSection
	GlobalSection(ExtensibilityGlobals) = postSolution
		SolutionGuid = {027D30F0-C2C1-4E5B-87E7-302EA961C1B8}
	EndGlobalSection
EndGlobal
